# DO NOT EDIT MANUALLY - Managed by Fern Replay
version: "1.0"
generations:
  - commit_sha: ccd8637f7697e2858d8774648c799ab9347214f1
    tree_hash: 617f92a883657af240f8540b76e2133a38d200f7
    timestamp: 2026-06-09T21:30:04.043Z
    cli_version: unknown
    generator_versions: {}
current_generation: ccd8637f7697e2858d8774648c799ab9347214f1
patches: []
